// !$*UTF8*$!
{
	archiveVersion = 1;
	classes = {
	};
	objectVersion = 50;
	objects = {

/* Begin PBXBuildFile section */
		CEDCA57B22668AB2009EA535 /* AppDelegate.swift in Sources */ = {isa = PBXBuildFile; fileRef = CEDCA57A22668AB2009EA535 /* AppDelegate.swift */; };
		CEDCA58022668AB2009EA535 /* Main.storyboard in Resources */ = {isa = PBXBuildFile; fileRef = CEDCA57E22668AB2009EA535 /* Main.storyboard */; };
		CEDCA58222668AB2009EA535 /* Assets.xcassets in Resources */ = {isa = PBXBuildFile; fileRef = CEDCA58122668AB2009EA535 /* Assets.xcassets */; };
		CEDCA58522668AB2009EA535 /* LaunchScreen.storyboard in Resources */ = {isa = PBXBuildFile; fileRef = CEDCA58322668AB2009EA535 /* LaunchScreen.storyboard */; };
		CEDCA58F22668BCF009EA535 /* AnimalsTableViewController.swift in Sources */ = {isa = PBXBuildFile; fileRef = CEDCA58E22668BCF009EA535 /* AnimalsTableViewController.swift */; };
		CEDCA59122668D0F009EA535 /* LoginViewController.swift in Sources */ = {isa = PBXBuildFile; fileRef = CEDCA59022668D0F009EA535 /* LoginViewController.swift */; };
		CEDCA59A226697BD009EA535 /* APIController.swift in Sources */ = {isa = PBXBuildFile; fileRef = CEDCA599226697BD009EA535 /* APIController.swift */; };
		CEFFEF6122B98E4600A646FB /* User.swift in Sources */ = {isa = PBXBuildFile; fileRef = CEFFEF6022B98E4600A646FB /* User.swift */; };
		CEFFEF6322B98E5200A646FB /* Bearer.swift in Sources */ = {isa = PBXBuildFile; fileRef = CEFFEF6222B98E5200A646FB /* Bearer.swift */; };
		CEFFEF6522B99AE000A646FB /* AnimalDetailViewController.swift in Sources */ = {isa = PBXBuildFile; fileRef = CEFFEF6422B99AE000A646FB /* AnimalDetailViewController.swift */; };
/* End PBXBuildFile section */

/* Begin PBXFileReference section */
		CEDCA57722668AB2009EA535 /* AnimalSpotter.app */ = {isa = PBXFileReference; explicitFileType = wrapper.application; includeInIndex = 0; path = AnimalSpotter.app; sourceTree = BUILT_PRODUCTS_DIR; };
		CEDCA57A22668AB2009EA535 /* AppDelegate.swift */ = {isa = PBXFileReference; lastKnownFileType = sourcecode.swift; path = AppDelegate.swift; sourceTree = "<group>"; };
		CEDCA57F22668AB2009EA535 /* Base */ = {isa = PBXFileReference; lastKnownFileType = file.storyboard; name = Base; path = Base.lproj/Main.storyboard; sourceTree = "<group>"; };
		CEDCA58122668AB2009EA535 /* Assets.xcassets */ = {isa = PBXFileReference; lastKnownFileType = folder.assetcatalog; path = Assets.xcassets; sourceTree = "<group>"; };
		CEDCA58422668AB2009EA535 /* Base */ = {isa = PBXFileReference; lastKnownFileType = file.storyboard; name = Base; path = Base.lproj/LaunchScreen.storyboard; sourceTree = "<group>"; };
		CEDCA58622668AB2009EA535 /* Info.plist */ = {isa = PBXFileReference; lastKnownFileType = text.plist.xml; path = Info.plist; sourceTree = "<group>"; };
		CEDCA58E22668BCF009EA535 /* AnimalsTableViewController.swift */ = {isa = PBXFileReference; lastKnownFileType = sourcecode.swift; path = AnimalsTableViewController.swift; sourceTree = "<group>"; };
		CEDCA59022668D0F009EA535 /* LoginViewController.swift */ = {isa = PBXFileReference; lastKnownFileType = sourcecode.swift; path = LoginViewController.swift; sourceTree = "<group>"; };
		CEDCA599226697BD009EA535 /* APIController.swift */ = {isa = PBXFileReference; lastKnownFileType = sourcecode.swift; path = APIController.swift; sourceTree = "<group>"; };
		CEFFEF6022B98E4600A646FB /* User.swift */ = {isa = PBXFileReference; lastKnownFileType = sourcecode.swift; path = User.swift; sourceTree = "<group>"; };
		CEFFEF6222B98E5200A646FB /* Bearer.swift */ = {isa = PBXFileReference; lastKnownFileType = sourcecode.swift; path = Bearer.swift; sourceTree = "<group>"; };
		CEFFEF6422B99AE000A646FB /* AnimalDetailViewController.swift */ = {isa = PBXFileReference; lastKnownFileType = sourcecode.swift; path = AnimalDetailViewController.swift; sourceTree = "<group>"; };
/* End PBXFileReference section */

/* Begin PBXFrameworksBuildPhase section */
		CEDCA57422668AB2009EA535 /* Frameworks */ = {
			isa = PBXFrameworksBuildPhase;
			buildActionMask = 2147483647;
			files = (
			);
			runOnlyForDeploymentPostprocessing = 0;
		};
/* End PBXFrameworksBuildPhase section */

/* Begin PBXGroup section */
		CEDCA56E22668AB2009EA535 = {
			isa = PBXGroup;
			children = (
				CEDCA57922668AB2009EA535 /* AnimalSpotter */,
				CEDCA57822668AB2009EA535 /* Products */,
			);
			sourceTree = "<group>";
		};
		CEDCA57822668AB2009EA535 /* Products */ = {
			isa = PBXGroup;
			children = (
				CEDCA57722668AB2009EA535 /* AnimalSpotter.app */,
			);
			name = Products;
			sourceTree = "<group>";
		};
		CEDCA57922668AB2009EA535 /* AnimalSpotter */ = {
			isa = PBXGroup;
			children = (
				CEDCA59722669673009EA535 /* Application */,
				CEDCA5982266967E009EA535 /* View Controllers */,
				CEDCA5962266966C009EA535 /* Models */,
				CEDCA57E22668AB2009EA535 /* Main.storyboard */,
				CEDCA58122668AB2009EA535 /* Assets.xcassets */,
				CEDCA58322668AB2009EA535 /* LaunchScreen.storyboard */,
				CEDCA58622668AB2009EA535 /* Info.plist */,
			);
			path = AnimalSpotter;
			sourceTree = "<group>";
		};
		CEDCA5962266966C009EA535 /* Models */ = {
			isa = PBXGroup;
			children = (
				CEFFEF6022B98E4600A646FB /* User.swift */,
				CEFFEF6222B98E5200A646FB /* Bearer.swift */,
			);
			path = Models;
			sourceTree = "<group>";
		};
		CEDCA59722669673009EA535 /* Application */ = {
			isa = PBXGroup;
			children = (
				CEDCA57A22668AB2009EA535 /* AppDelegate.swift */,
				CEDCA599226697BD009EA535 /* APIController.swift */,
			);
			path = Application;
			sourceTree = "<group>";
		};
		CEDCA5982266967E009EA535 /* View Controllers */ = {
			isa = PBXGroup;
			children = (
				CEDCA59022668D0F009EA535 /* LoginViewController.swift */,
				CEDCA58E22668BCF009EA535 /* AnimalsTableViewController.swift */,
				CEFFEF6422B99AE000A646FB /* AnimalDetailViewController.swift */,
			);
			path = "View Controllers";
			sourceTree = "<group>";
		};
/* End PBXGroup section */

/* Begin PBXNativeTarget section */
		CEDCA57622668AB2009EA535 /* AnimalSpotter */ = {
			isa = PBXNativeTarget;
			buildConfigurationList = CEDCA58922668AB2009EA535 /* Build configuration list for PBXNativeTarget "AnimalSpotter" */;
			buildPhases = (
				CEDCA57322668AB2009EA535 /* Sources */,
				CEDCA57422668AB2009EA535 /* Frameworks */,
				CEDCA57522668AB2009EA535 /* Resources */,
			);
			buildRules = (
			);
			dependencies = (
			);
			name = AnimalSpotter;
			productName = AnimalSpotter;
			productReference = CEDCA57722668AB2009EA535 /* AnimalSpotter.app */;
			productType = "com.apple.product-type.application";
		};
/* End PBXNativeTarget section */

/* Begin PBXProject section */
		CEDCA56F22668AB2009EA535 /* Project object */ = {
			isa = PBXProject;
			attributes = {
				LastSwiftUpdateCheck = 1020;
				LastUpgradeCheck = 1020;
				ORGANIZATIONNAME = "Lambda School";
				TargetAttributes = {
					CEDCA57622668AB2009EA535 = {
						CreatedOnToolsVersion = 10.2;
					};
				};
			};
			buildConfigurationList = CEDCA57222668AB2009EA535 /* Build configuration list for PBXProject "AnimalSpotter" */;
			compatibilityVersion = "Xcode 9.3";
			developmentRegion = en;
			hasScannedForEncodings = 0;
			knownRegions = (
				en,
				Base,
			);
			mainGroup = CEDCA56E22668AB2009EA535;
			productRefGroup = CEDCA57822668AB2009EA535 /* Products */;
			projectDirPath = "";
			projectRoot = "";
			targets = (
				CEDCA57622668AB2009EA535 /* AnimalSpotter */,
			);
		};
/* End PBXProject section */

/* Begin PBXResourcesBuildPhase section */
		CEDCA57522668AB2009EA535 /* Resources */ = {
			isa = PBXResourcesBuildPhase;
			buildActionMask = 2147483647;
			files = (
				CEDCA58522668AB2009EA535 /* LaunchScreen.storyboard in Resources */,
				CEDCA58222668AB2009EA535 /* Assets.xcassets in Resources */,
				CEDCA58022668AB2009EA535 /* Main.storyboard in Resources */,
			);
			runOnlyForDeploymentPostprocessing = 0;
		};
/* End PBXResourcesBuildPhase section */

/* Begin PBXSourcesBuildPhase section */
		CEDCA57322668AB2009EA535 /* Sources */ = {
			isa = PBXSourcesBuildPhase;
			buildActionMask = 2147483647;
			files = (
				CEDCA59A226697BD009EA535 /* APIController.swift in Sources */,
				CEDCA59122668D0F009EA535 /* LoginViewController.swift in Sources */,
				CEFFEF6122B98E4600A646FB /* User.swift in Sources */,
				CEFFEF6322B98E5200A646FB /* Bearer.swift in Sources */,
				CEDCA57B22668AB2009EA535 /* AppDelegate.swift in Sources */,
				CEDCA58F22668BCF009EA535 /* AnimalsTableViewController.swift in Sources */,
				CEFFEF6522B99AE000A646FB /* AnimalDetailViewController.swift in Sources */,
			);
			runOnlyForDeploymentPostprocessing = 0;
		};
/* End PBXSourcesBuildPhase section */

/* Begin PBXVariantGroup section */
		CEDCA57E22668AB2009EA535 /* Main.storyboard */ = {
			isa = PBXVariantGroup;
			children = (
				CEDCA57F22668AB2009EA535 /* Base */,
			);
			name = Main.storyboard;
			sourceTree = "<group>";
		};
		CEDCA58322668AB2009EA535 /* LaunchScreen.storyboard */ = {
			isa = PBXVariantGroup;
			children = (
				CEDCA58422668AB2009EA535 /* Base */,
			);
			name = LaunchScreen.storyboard;
			sourceTree = "<group>";
		};
/* End PBXVariantGroup section */

/* Begin XCBuildConfiguration section */
		CEDCA58722668AB2009EA535 /* Debug */ = {
			isa = XCBuildConfiguration;
			buildSettings = {
				ALWAYS_SEARCH_USER_PATHS = NO;
				CLANG_ANALYZER_NONNULL = YES;
				CLANG_ANALYZER_NUMBER_OBJECT_CONVERSION = YES_AGGRESSIVE;
				CLANG_CXX_LANGUAGE_STANDARD = "gnu++14";
				CLANG_CXX_LIBRARY = "libc++";
				CLANG_ENABLE_MODULES = YES;
				CLANG_ENABLE_OBJC_ARC = YES;
				CLANG_ENABLE_OBJC_WEAK = YES;
				CLANG_WARN_BLOCK_CAPTURE_AUTORELEASING = YES;
				CLANG_WARN_BOOL_CONVERSION = YES;
				CLANG_WARN_COMMA = YES;
				CLANG_WARN_CONSTANT_CONVERSION = YES;
				CLANG_WARN_DEPRECATED_OBJC_IMPLEMENTATIONS = YES;
				CLANG_WARN_DIRECT_OBJC_ISA_USAGE = YES_ERROR;
				CLANG_WARN_DOCUMENTATION_COMMENTS = YES;
				CLANG_WARN_EMPTY_BODY = YES;
				CLANG_WARN_ENUM_CONVERSION = YES;
				CLANG_WARN_INFINITE_RECURSION = YES;
				CLANG_WARN_INT_CONVERSION = YES;
				CLANG_WARN_NON_LITERAL_NULL_CONVERSION = YES;
				CLANG_WARN_OBJC_IMPLICIT_RETAIN_SELF = YES;
				CLANG_WARN_OBJC_LITERAL_CONVERSION = YES;
				CLANG_WARN_OBJC_ROOT_CLASS = YES_ERROR;
				CLANG_WARN_RANGE_LOOP_ANALYSIS = YES;
				CLANG_WARN_STRICT_PROTOTYPES = YES;
				CLANG_WARN_SUSPICIOUS_MOVE = YES;
				CLANG_WARN_UNGUARDED_AVAILABILITY = YES_AGGRESSIVE;
				CLANG_WARN_UNREACHABLE_CODE = YES;
				CLANG_WARN__DUPLICATE_METHOD_MATCH = YES;
				CODE_SIGN_IDENTITY = "iPhone Developer";
				COPY_PHASE_STRIP = NO;
				DEBUG_INFORMATION_FORMAT = dwarf;
				ENABLE_STRICT_OBJC_MSGSEND = YES;
				ENABLE_TESTABILITY = YES;
				GCC_C_LANGUAGE_STANDARD = gnu11;
				GCC_DYNAMIC_NO_PIC = NO;
				GCC_NO_COMMON_BLOCKS = YES;
				GCC_OPTIMIZATION_LEVEL = 0;
				GCC_PREPROCESSOR_DEFINITIONS = (
					"DEBUG=1",
					"$(inherited)",
				);
				GCC_WARN_64_TO_32_BIT_CONVERSION = YES;
				GCC_WARN_ABOUT_RETURN_TYPE = YES_ERROR;
				GCC_WARN_UNDECLARED_SELECTOR = YES;
				GCC_WARN_UNINITIALIZED_AUTOS = YES_AGGRESSIVE;
				GCC_WARN_UNUSED_FUNCTION = YES;
				GCC_WARN_UNUSED_VARIABLE = YES;
				IPHONEOS_DEPLOYMENT_TARGET = 12.2;
				MTL_ENABLE_DEBUG_INFO = INCLUDE_SOURCE;
				MTL_FAST_MATH = YES;
				ONLY_ACTIVE_ARCH = YES;
				SDKROOT = iphoneos;
				SWIFT_ACTIVE_COMPILATION_CONDITIONS = DEBUG;
				SWIFT_OPTIMIZATION_LEVEL = "-Onone";
			};
			name = Debug;
		};
		CEDCA58822668AB2009EA535 /* Release */ = {
			isa = XCBuildConfiguration;
			buildSettings = {
				ALWAYS_SEARCH_USER_PATHS = NO;
				CLANG_ANALYZER_NONNULL = YES;
				CLANG_ANALYZER_NUMBER_OBJECT_CONVERSION = YES_AGGRESSIVE;
				CLANG_CXX_LANGUAGE_STANDARD = "gnu++14";
				CLANG_CXX_LIBRARY = "libc++";
				CLANG_ENABLE_MODULES = YES;
				CLANG_ENABLE_OBJC_ARC = YES;
				CLANG_ENABLE_OBJC_WEAK = YES;
				CLANG_WARN_BLOCK_CAPTURE_AUTORELEASING = YES;
				CLANG_WARN_BOOL_CONVERSION = YES;
				CLANG_WARN_COMMA = YES;
				CLANG_WARN_CONSTANT_CONVERSION = YES;
				CLANG_WARN_DEPRECATED_OBJC_IMPLEMENTATIONS = YES;
				CLANG_WARN_DIRECT_OBJC_ISA_USAGE = YES_ERROR;
				CLANG_WARN_DOCUMENTATION_COMMENTS = YES;
				CLANG_WARN_EMPTY_BODY = YES;
				CLANG_WARN_ENUM_CONVERSION = YES;
				CLANG_WARN_INFINITE_RECURSION = YES;
				CLANG_WARN_INT_CONVERSION = YES;
				CLANG_WARN_NON_LITERAL_NULL_CONVERSION = YES;
				CLANG_WARN_OBJC_IMPLICIT_RETAIN_SELF = YES;
				CLANG_WARN_OBJC_LITERAL_CONVERSION = YES;
				CLANG_WARN_OBJC_ROOT_CLASS = YES_ERROR;
				CLANG_WARN_RANGE_LOOP_ANALYSIS = YES;
				CLANG_WARN_STRICT_PROTOTYPES = YES;
				CLANG_WARN_SUSPICIOUS_MOVE = YES;
				CLANG_WARN_UNGUARDED_AVAILABILITY = YES_AGGRESSIVE;
				CLANG_WARN_UNREACHABLE_CODE = YES;
				CLANG_WARN__DUPLICATE_METHOD_MATCH = YES;
				CODE_SIGN_IDENTITY = "iPhone Developer";
				COPY_PHASE_STRIP = NO;
				DEBUG_INFORMATION_FORMAT = "dwarf-with-dsym";
				ENABLE_NS_ASSERTIONS = NO;
				ENABLE_STRICT_OBJC_MSGSEND = YES;
				GCC_C_LANGUAGE_STANDARD = gnu11;
				GCC_NO_COMMON_BLOCKS = YES;
				GCC_WARN_64_TO_32_BIT_CONVERSION = YES;
				GCC_WARN_ABOUT_RETURN_TYPE = YES_ERROR;
				GCC_WARN_UNDECLARED_SELECTOR = YES;
				GCC_WARN_UNINITIALIZED_AUTOS = YES_AGGRESSIVE;
				GCC_WARN_UNUSED_FUNCTION = YES;
				GCC_WARN_UNUSED_VARIABLE = YES;
				IPHONEOS_DEPLOYMENT_TARGET = 12.2;
				MTL_ENABLE_DEBUG_INFO = NO;
				MTL_FAST_MATH = YES;
				SDKROOT = iphoneos;
				SWIFT_COMPILATION_MODE = wholemodule;
				SWIFT_OPTIMIZATION_LEVEL = "-O";
				VALIDATE_PRODUCT = YES;
			};
			name = Release;
		};
		CEDCA58A22668AB2009EA535 /* Debug */ = {
			isa = XCBuildConfiguration;
			buildSettings = {
				ASSETCATALOG_COMPILER_APPICON_NAME = AppIcon;
				CODE_SIGN_STYLE = Automatic;
				INFOPLIST_FILE = AnimalSpotter/Info.plist;
				LD_RUNPATH_SEARCH_PATHS = (
					"$(inherited)",
					"@executable_path/Frameworks",
				);
				PRODUCT_BUNDLE_IDENTIFIER = com.lambdaschool.AnimalSpotter;
				PRODUCT_NAME = "$(TARGET_NAME)";
				SWIFT_VERSION = 5.0;
				TARGETED_DEVICE_FAMILY = "1,2";
			};
			name = Debug;
		};
		CEDCA58B22668AB2009EA535 /* Release */ = {
			isa = XCBuildConfiguration;
			buildSettings = {
				ASSETCATALOG_COMPILER_APPICON_NAME = AppIcon;
				CODE_SIGN_STYLE = Automatic;
				INFOPLIST_FILE = AnimalSpotter/Info.plist;
				LD_RUNPATH_SEARCH_PATHS = (
					"$(inherited)",
					"@executable_path/Frameworks",
				);
				PRODUCT_BUNDLE_IDENTIFIER = com.lambdaschool.AnimalSpotter;
				PRODUCT_NAME = "$(TARGET_NAME)";
				SWIFT_VERSION = 5.0;
				TARGETED_DEVICE_FAMILY = "1,2";
			};
			name = Release;
		};
/* End XCBuildConfiguration section */

/* Begin XCConfigurationList section */
		CEDCA57222668AB2009EA535 /* Build configuration list for PBXProject "AnimalSpotter" */ = {
			isa = XCConfigurationList;
			buildConfigurations = (
				CEDCA58722668AB2009EA535 /* Debug */,
				CEDCA58822668AB2009EA535 /* Release */,
			);
			defaultConfigurationIsVisible = 0;
			defaultConfigurationName = Release;
		};
		CEDCA58922668AB2009EA535 /* Build configuration list for PBXNativeTarget "AnimalSpotter" */ = {
			isa = XCConfigurationList;
			buildConfigurations = (
				CEDCA58A22668AB2009EA535 /* Debug */,
				CEDCA58B22668AB2009EA535 /* Release */,
			);
			defaultConfigurationIsVisible = 0;
			defaultConfigurationName = Release;
		};
/* End XCConfigurationList section */
	};
	rootObject = CEDCA56F22668AB2009EA535 /* Project object */;
}
